// !$*UTF8*$!
{
	archiveVersion = 1;
	classes = {
	};
	objectVersion = 50;
	objects = {

/* Begin PBXBuildFile section */
		168051E32159E1A900D90A37 /* Main.storyboard in Resources */ = {isa = PBXBuildFile; fileRef = 168051E12159E1A900D90A37 /* Main.storyboard */; };
		168051E52159E1AA00D90A37 /* Assets.xcassets in Resources */ = {isa = PBXBuildFile; fileRef = 168051E42159E1AA00D90A37 /* Assets.xcassets */; };
		168051E82159E1AA00D90A37 /* LaunchScreen.storyboard in Resources */ = {isa = PBXBuildFile; fileRef = 168051E62159E1AA00D90A37 /* LaunchScreen.storyboard */; };
		168051EB2159E1AA00D90A37 /* main.m in Sources */ = {isa = PBXBuildFile; fileRef = 168051EA2159E1AA00D90A37 /* main.m */; };
		168051F52159E1AA00D90A37 /* KTVTests.m in Sources */ = {isa = PBXBuildFile; fileRef = 168051F42159E1AA00D90A37 /* KTVTests.m */; };
		168052002159E1AA00D90A37 /* KTVUITests.m in Sources */ = {isa = PBXBuildFile; fileRef = 168051FF2159E1AA00D90A37 /* KTVUITests.m */; };
		168052132159E70D00D90A37 /* ViewController.m in Sources */ = {isa = PBXBuildFile; fileRef = 1680520E2159E70D00D90A37 /* ViewController.m */; };
		168052142159E70D00D90A37 /* AppDelegate.m in Sources */ = {isa = PBXBuildFile; fileRef = 168052122159E70D00D90A37 /* AppDelegate.m */; };
		16805245215A048900D90A37 /* libfdk-aac.a in Frameworks */ = {isa = PBXBuildFile; fileRef = 16805238215A048900D90A37 /* libfdk-aac.a */; };
		16805246215A048900D90A37 /* libmp3lame.a in Frameworks */ = {isa = PBXBuildFile; fileRef = 1680523E215A048900D90A37 /* libmp3lame.a */; };
		16805247215A048900D90A37 /* libx264.a in Frameworks */ = {isa = PBXBuildFile; fileRef = 16805244215A048900D90A37 /* libx264.a */; };
		3E6370896D92662B364E8F5A /* Pods_KTV.framework in Frameworks */ = {isa = PBXBuildFile; fileRef = 4F93D2A2863EF3EC37634BE3 /* Pods_KTV.framework */; };
/* End PBXBuildFile section */

/* Begin PBXContainerItemProxy section */
		168051F12159E1AA00D90A37 /* PBXContainerItemProxy */ = {
			isa = PBXContainerItemProxy;
			containerPortal = 168051D02159E1A900D90A37 /* Project object */;
			proxyType = 1;
			remoteGlobalIDString = 168051D72159E1A900D90A37;
			remoteInfo = KTV;
		};
		168051FC2159E1AA00D90A37 /* PBXContainerItemProxy */ = {
			isa = PBXContainerItemProxy;
			containerPortal = 168051D02159E1A900D90A37 /* Project object */;
			proxyType = 1;
			remoteGlobalIDString = 168051D72159E1A900D90A37;
			remoteInfo = KTV;
		};
/* End PBXContainerItemProxy section */

/* Begin PBXFileReference section */
		168051D82159E1A900D90A37 /* KTV.app */ = {isa = PBXFileReference; explicitFileType = wrapper.application; includeInIndex = 0; path = KTV.app; sourceTree = BUILT_PRODUCTS_DIR; };
		168051E22159E1A900D90A37 /* Base */ = {isa = PBXFileReference; lastKnownFileType = file.storyboard; name = Base; path = Base.lproj/Main.storyboard; sourceTree = "<group>"; };
		168051E42159E1AA00D90A37 /* Assets.xcassets */ = {isa = PBXFileReference; lastKnownFileType = folder.assetcatalog; path = Assets.xcassets; sourceTree = "<group>"; };
		168051E72159E1AA00D90A37 /* Base */ = {isa = PBXFileReference; lastKnownFileType = file.storyboard; name = Base; path = Base.lproj/LaunchScreen.storyboard; sourceTree = "<group>"; };
		168051E92159E1AA00D90A37 /* Info.plist */ = {isa = PBXFileReference; lastKnownFileType = text.plist.xml; path = Info.plist; sourceTree = "<group>"; };
		168051EA2159E1AA00D90A37 /* main.m */ = {isa = PBXFileReference; lastKnownFileType = sourcecode.c.objc; path = main.m; sourceTree = "<group>"; };
		168051F02159E1AA00D90A37 /* KTVTests.xctest */ = {isa = PBXFileReference; explicitFileType = wrapper.cfbundle; includeInIndex = 0; path = KTVTests.xctest; sourceTree = BUILT_PRODUCTS_DIR; };
		168051F42159E1AA00D90A37 /* KTVTests.m */ = {isa = PBXFileReference; lastKnownFileType = sourcecode.c.objc; path = KTVTests.m; sourceTree = "<group>"; };
		168051F62159E1AA00D90A37 /* Info.plist */ = {isa = PBXFileReference; lastKnownFileType = text.plist.xml; path = Info.plist; sourceTree = "<group>"; };
		168051FB2159E1AA00D90A37 /* KTVUITests.xctest */ = {isa = PBXFileReference; explicitFileType = wrapper.cfbundle; includeInIndex = 0; path = KTVUITests.xctest; sourceTree = BUILT_PRODUCTS_DIR; };
		168051FF2159E1AA00D90A37 /* KTVUITests.m */ = {isa = PBXFileReference; lastKnownFileType = sourcecode.c.objc; path = KTVUITests.m; sourceTree = "<group>"; };
		168052012159E1AA00D90A37 /* Info.plist */ = {isa = PBXFileReference; lastKnownFileType = text.plist.xml; path = Info.plist; sourceTree = "<group>"; };
		1680520E2159E70D00D90A37 /* ViewController.m */ = {isa = PBXFileReference; fileEncoding = 4; lastKnownFileType = sourcecode.c.objc; path = ViewController.m; sourceTree = "<group>"; };
		1680520F2159E70D00D90A37 /* ViewController.h */ = {isa = PBXFileReference; fileEncoding = 4; lastKnownFileType = sourcecode.c.h; path = ViewController.h; sourceTree = "<group>"; };
		168052112159E70D00D90A37 /* AppDelegate.h */ = {isa = PBXFileReference; fileEncoding = 4; lastKnownFileType = sourcecode.c.h; path = AppDelegate.h; sourceTree = "<group>"; };
		168052122159E70D00D90A37 /* AppDelegate.m */ = {isa = PBXFileReference; fileEncoding = 4; lastKnownFileType = sourcecode.c.objc; path = AppDelegate.m; sourceTree = "<group>"; };
		16805232215A048900D90A37 /* aacdecoder_lib.h */ = {isa = PBXFileReference; fileEncoding = 4; lastKnownFileType = sourcecode.c.h; path = aacdecoder_lib.h; sourceTree = "<group>"; };
		16805233215A048900D90A37 /* machine_type.h */ = {isa = PBXFileReference; fileEncoding = 4; lastKnownFileType = sourcecode.c.h; path = machine_type.h; sourceTree = "<group>"; };
		16805234215A048900D90A37 /* aacenc_lib.h */ = {isa = PBXFileReference; fileEncoding = 4; lastKnownFileType = sourcecode.c.h; path = aacenc_lib.h; sourceTree = "<group>"; };
		16805235215A048900D90A37 /* genericStds.h */ = {isa = PBXFileReference; fileEncoding = 4; lastKnownFileType = sourcecode.c.h; path = genericStds.h; sourceTree = "<group>"; };
		16805236215A048900D90A37 /* FDK_audio.h */ = {isa = PBXFileReference; fileEncoding = 4; lastKnownFileType = sourcecode.c.h; path = FDK_audio.h; sourceTree = "<group>"; };
		16805238215A048900D90A37 /* libfdk-aac.a */ = {isa = PBXFileReference; lastKnownFileType = archive.ar; path = "libfdk-aac.a"; sourceTree = "<group>"; };
		1680523C215A048900D90A37 /* lame.h */ = {isa = PBXFileReference; fileEncoding = 4; lastKnownFileType = sourcecode.c.h; path = lame.h; sourceTree = "<group>"; };
		1680523E215A048900D90A37 /* libmp3lame.a */ = {isa = PBXFileReference; lastKnownFileType = archive.ar; path = libmp3lame.a; sourceTree = "<group>"; };
		16805241215A048900D90A37 /* x264_config.h */ = {isa = PBXFileReference; fileEncoding = 4; lastKnownFileType = sourcecode.c.h; path = x264_config.h; sourceTree = "<group>"; };
		16805242215A048900D90A37 /* x264.h */ = {isa = PBXFileReference; fileEncoding = 4; lastKnownFileType = sourcecode.c.h; path = x264.h; sourceTree = "<group>"; };
		16805244215A048900D90A37 /* libx264.a */ = {isa = PBXFileReference; lastKnownFileType = archive.ar; path = libx264.a; sourceTree = "<group>"; };
		16805249215A1BBE00D90A37 /* KTV_PrefixHeader.pch */ = {isa = PBXFileReference; lastKnownFileType = sourcecode.c.h; path = KTV_PrefixHeader.pch; sourceTree = "<group>"; };
		1A6C40E34E5AE45E1C276677 /* Pods-KTV.debug.xcconfig */ = {isa = PBXFileReference; includeInIndex = 1; lastKnownFileType = text.xcconfig; name = "Pods-KTV.debug.xcconfig"; path = "Pods/Target Support Files/Pods-KTV/Pods-KTV.debug.xcconfig"; sourceTree = "<group>"; };
		4F93D2A2863EF3EC37634BE3 /* Pods_KTV.framework */ = {isa = PBXFileReference; explicitFileType = wrapper.framework; includeInIndex = 0; path = Pods_KTV.framework; sourceTree = BUILT_PRODUCTS_DIR; };
		B6DF810F0173B6B4840E9C25 /* Pods-KTV.release.xcconfig */ = {isa = PBXFileReference; includeInIndex = 1; lastKnownFileType = text.xcconfig; name = "Pods-KTV.release.xcconfig"; path = "Pods/Target Support Files/Pods-KTV/Pods-KTV.release.xcconfig"; sourceTree = "<group>"; };
/* End PBXFileReference section */

/* Begin PBXFrameworksBuildPhase section */
		168051D52159E1A900D90A37 /* Frameworks */ = {
			isa = PBXFrameworksBuildPhase;
			buildActionMask = 2147483647;
			files = (
				16805246215A048900D90A37 /* libmp3lame.a in Frameworks */,
				3E6370896D92662B364E8F5A /* Pods_KTV.framework in Frameworks */,
				16805245215A048900D90A37 /* libfdk-aac.a in Frameworks */,
				16805247215A048900D90A37 /* libx264.a in Frameworks */,
			);
			runOnlyForDeploymentPostprocessing = 0;
		};
		168051ED2159E1AA00D90A37 /* Frameworks */ = {
			isa = PBXFrameworksBuildPhase;
			buildActionMask = 2147483647;
			files = (
			);
			runOnlyForDeploymentPostprocessing = 0;
		};
		168051F82159E1AA00D90A37 /* Frameworks */ = {
			isa = PBXFrameworksBuildPhase;
			buildActionMask = 2147483647;
			files = (
			);
			runOnlyForDeploymentPostprocessing = 0;
		};
/* End PBXFrameworksBuildPhase section */

/* Begin PBXGroup section */
		168051CF2159E1A900D90A37 = {
			isa = PBXGroup;
			children = (
				168051DA2159E1A900D90A37 /* KTV */,
				168051F32159E1AA00D90A37 /* KTVTests */,
				168051FE2159E1AA00D90A37 /* KTVUITests */,
				168051D92159E1A900D90A37 /* Products */,
				9A0D9B3DE5830394E0BE8D5B /* Pods */,
				63F2C01566B7BE01190D2947 /* Frameworks */,
			);
			sourceTree = "<group>";
		};
		168051D92159E1A900D90A37 /* Products */ = {
			isa = PBXGroup;
			children = (
				168051D82159E1A900D90A37 /* KTV.app */,
				168051F02159E1AA00D90A37 /* KTVTests.xctest */,
				168051FB2159E1AA00D90A37 /* KTVUITests.xctest */,
			);
			name = Products;
			sourceTree = "<group>";
		};
		168051DA2159E1A900D90A37 /* KTV */ = {
			isa = PBXGroup;
			children = (
				16805248215A1BA700D90A37 /* Headers */,
				16805215215A041B00D90A37 /* Libraries */,
				168052102159E70D00D90A37 /* AppDelegate */,
				1680520D2159E70D00D90A37 /* Base */,
				168051E12159E1A900D90A37 /* Main.storyboard */,
				168051E42159E1AA00D90A37 /* Assets.xcassets */,
				168051E62159E1AA00D90A37 /* LaunchScreen.storyboard */,
				168051E92159E1AA00D90A37 /* Info.plist */,
				168051EA2159E1AA00D90A37 /* main.m */,
			);
			path = KTV;
			sourceTree = "<group>";
		};
		168051F32159E1AA00D90A37 /* KTVTests */ = {
			isa = PBXGroup;
			children = (
				168051F42159E1AA00D90A37 /* KTVTests.m */,
				168051F62159E1AA00D90A37 /* Info.plist */,
			);
			path = KTVTests;
			sourceTree = "<group>";
		};
		168051FE2159E1AA00D90A37 /* KTVUITests */ = {
			isa = PBXGroup;
			children = (
				168051FF2159E1AA00D90A37 /* KTVUITests.m */,
				168052012159E1AA00D90A37 /* Info.plist */,
			);
			path = KTVUITests;
			sourceTree = "<group>";
		};
		1680520D2159E70D00D90A37 /* Base */ = {
			isa = PBXGroup;
			children = (
				1680520E2159E70D00D90A37 /* ViewController.m */,
				1680520F2159E70D00D90A37 /* ViewController.h */,
			);
			path = Base;
			sourceTree = "<group>";
		};
		168052102159E70D00D90A37 /* AppDelegate */ = {
			isa = PBXGroup;
			children = (
				168052112159E70D00D90A37 /* AppDelegate.h */,
				168052122159E70D00D90A37 /* AppDelegate.m */,
			);
			path = AppDelegate;
			sourceTree = "<group>";
		};
		16805215215A041B00D90A37 /* Libraries */ = {
			isa = PBXGroup;
			children = (
				1680522F215A048900D90A37 /* fdk_acc */,
				16805239215A048900D90A37 /* lame */,
				1680523F215A048900D90A37 /* x264 */,
			);
			path = Libraries;
			sourceTree = "<group>";
		};
		1680522F215A048900D90A37 /* fdk_acc */ = {
			isa = PBXGroup;
			children = (
				16805230215A048900D90A37 /* include */,
				16805237215A048900D90A37 /* lib */,
			);
			path = fdk_acc;
			sourceTree = "<group>";
		};
		16805230215A048900D90A37 /* include */ = {
			isa = PBXGroup;
			children = (
				16805231215A048900D90A37 /* fdk-aac */,
			);
			path = include;
			sourceTree = "<group>";
		};
		16805231215A048900D90A37 /* fdk-aac */ = {
			isa = PBXGroup;
			children = (
				16805232215A048900D90A37 /* aacdecoder_lib.h */,
				16805233215A048900D90A37 /* machine_type.h */,
				16805234215A048900D90A37 /* aacenc_lib.h */,
				16805235215A048900D90A37 /* genericStds.h */,
				16805236215A048900D90A37 /* FDK_audio.h */,
			);
			path = "fdk-aac";
			sourceTree = "<group>";
		};
		16805237215A048900D90A37 /* lib */ = {
			isa = PBXGroup;
			children = (
				16805238215A048900D90A37 /* libfdk-aac.a */,
			);
			path = lib;
			sourceTree = "<group>";
		};
		16805239215A048900D90A37 /* lame */ = {
			isa = PBXGroup;
			children = (
				1680523A215A048900D90A37 /* include */,
				1680523D215A048900D90A37 /* lib */,
			);
			path = lame;
			sourceTree = "<group>";
		};
		1680523A215A048900D90A37 /* include */ = {
			isa = PBXGroup;
			children = (
				1680523B215A048900D90A37 /* lame */,
			);
			path = include;
			sourceTree = "<group>";
		};
		1680523B215A048900D90A37 /* lame */ = {
			isa = PBXGroup;
			children = (
				1680523C215A048900D90A37 /* lame.h */,
			);
			path = lame;
			sourceTree = "<group>";
		};
		1680523D215A048900D90A37 /* lib */ = {
			isa = PBXGroup;
			children = (
				1680523E215A048900D90A37 /* libmp3lame.a */,
			);
			path = lib;
			sourceTree = "<group>";
		};
		1680523F215A048900D90A37 /* x264 */ = {
			isa = PBXGroup;
			children = (
				16805240215A048900D90A37 /* include */,
				16805243215A048900D90A37 /* lib */,
			);
			path = x264;
			sourceTree = "<group>";
		};
		16805240215A048900D90A37 /* include */ = {
			isa = PBXGroup;
			children = (
				16805241215A048900D90A37 /* x264_config.h */,
				16805242215A048900D90A37 /* x264.h */,
			);
			path = include;
			sourceTree = "<group>";
		};
		16805243215A048900D90A37 /* lib */ = {
			isa = PBXGroup;
			children = (
				16805244215A048900D90A37 /* libx264.a */,
			);
			path = lib;
			sourceTree = "<group>";
		};
		16805248215A1BA700D90A37 /* Headers */ = {
			isa = PBXGroup;
			children = (
				16805249215A1BBE00D90A37 /* KTV_PrefixHeader.pch */,
			);
			path = Headers;
			sourceTree = "<group>";
		};
		63F2C01566B7BE01190D2947 /* Frameworks */ = {
			isa = PBXGroup;
			children = (
				4F93D2A2863EF3EC37634BE3 /* Pods_KTV.framework */,
			);
			name = Frameworks;
			sourceTree = "<group>";
		};
		9A0D9B3DE5830394E0BE8D5B /* Pods */ = {
			isa = PBXGroup;
			children = (
				1A6C40E34E5AE45E1C276677 /* Pods-KTV.debug.xcconfig */,
				B6DF810F0173B6B4840E9C25 /* Pods-KTV.release.xcconfig */,
			);
			name = Pods;
			sourceTree = "<group>";
		};
/* End PBXGroup section */

/* Begin PBXNativeTarget section */
		168051D72159E1A900D90A37 /* KTV */ = {
			isa = PBXNativeTarget;
			buildConfigurationList = 168052042159E1AA00D90A37 /* Build configuration list for PBXNativeTarget "KTV" */;
			buildPhases = (
				3F4E8EE406E0BAA59BEEC5E4 /* [CP] Check Pods Manifest.lock */,
				168051D42159E1A900D90A37 /* Sources */,
				168051D52159E1A900D90A37 /* Frameworks */,
				168051D62159E1A900D90A37 /* Resources */,
				179841644F28AE63E38405E7 /* [CP] Embed Pods Frameworks */,
			);
			buildRules = (
			);
			dependencies = (
			);
			name = KTV;
			productName = KTV;
			productReference = 168051D82159E1A900D90A37 /* KTV.app */;
			productType = "com.apple.product-type.application";
		};
		168051EF2159E1AA00D90A37 /* KTVTests */ = {
			isa = PBXNativeTarget;
			buildConfigurationList = 168052072159E1AA00D90A37 /* Build configuration list for PBXNativeTarget "KTVTests" */;
			buildPhases = (
				168051EC2159E1AA00D90A37 /* Sources */,
				168051ED2159E1AA00D90A37 /* Frameworks */,
				168051EE2159E1AA00D90A37 /* Resources */,
			);
			buildRules = (
			);
			dependencies = (
				168051F22159E1AA00D90A37 /* PBXTargetDependency */,
			);
			name = KTVTests;
			productName = KTVTests;
			productReference = 168051F02159E1AA00D90A37 /* KTVTests.xctest */;
			productType = "com.apple.product-type.bundle.unit-test";
		};
		168051FA2159E1AA00D90A37 /* KTVUITests */ = {
			isa = PBXNativeTarget;
			buildConfigurationList = 1680520A2159E1AA00D90A37 /* Build configuration list for PBXNativeTarget "KTVUITests" */;
			buildPhases = (
				168051F72159E1AA00D90A37 /* Sources */,
				168051F82159E1AA00D90A37 /* Frameworks */,
				168051F92159E1AA00D90A37 /* Resources */,
			);
			buildRules = (
			);
			dependencies = (
				168051FD2159E1AA00D90A37 /* PBXTargetDependency */,
			);
			name = KTVUITests;
			productName = KTVUITests;
			productReference = 168051FB2159E1AA00D90A37 /* KTVUITests.xctest */;
			productType = "com.apple.product-type.bundle.ui-testing";
		};
/* End PBXNativeTarget section */

/* Begin PBXProject section */
		168051D02159E1A900D90A37 /* Project object */ = {
			isa = PBXProject;
			attributes = {
				LastUpgradeCheck = 1000;
				ORGANIZATIONNAME = songyang;
				TargetAttributes = {
					168051D72159E1A900D90A37 = {
						CreatedOnToolsVersion = 10.0;
					};
					168051EF2159E1AA00D90A37 = {
						CreatedOnToolsVersion = 10.0;
						TestTargetID = 168051D72159E1A900D90A37;
					};
					168051FA2159E1AA00D90A37 = {
						CreatedOnToolsVersion = 10.0;
						TestTargetID = 168051D72159E1A900D90A37;
					};
				};
			};
			buildConfigurationList = 168051D32159E1A900D90A37 /* Build configuration list for PBXProject "KTV" */;
			compatibilityVersion = "Xcode 9.3";
			developmentRegion = en;
			hasScannedForEncodings = 0;
			knownRegions = (
				en,
				Base,
			);
			mainGroup = 168051CF2159E1A900D90A37;
			productRefGroup = 168051D92159E1A900D90A37 /* Products */;
			projectDirPath = "";
			projectRoot = "";
			targets = (
				168051D72159E1A900D90A37 /* KTV */,
				168051EF2159E1AA00D90A37 /* KTVTests */,
				168051FA2159E1AA00D90A37 /* KTVUITests */,
			);
		};
/* End PBXProject section */

/* Begin PBXResourcesBuildPhase section */
		168051D62159E1A900D90A37 /* Resources */ = {
			isa = PBXResourcesBuildPhase;
			buildActionMask = 2147483647;
			files = (
				168051E82159E1AA00D90A37 /* LaunchScreen.storyboard in Resources */,
				168051E52159E1AA00D90A37 /* Assets.xcassets in Resources */,
				168051E32159E1A900D90A37 /* Main.storyboard in Resources */,
			);
			runOnlyForDeploymentPostprocessing = 0;
		};
		168051EE2159E1AA00D90A37 /* Resources */ = {
			isa = PBXResourcesBuildPhase;
			buildActionMask = 2147483647;
			files = (
			);
			runOnlyForDeploymentPostprocessing = 0;
		};
		168051F92159E1AA00D90A37 /* Resources */ = {
			isa = PBXResourcesBuildPhase;
			buildActionMask = 2147483647;
			files = (
			);
			runOnlyForDeploymentPostprocessing = 0;
		};
/* End PBXResourcesBuildPhase section */

/* Begin PBXShellScriptBuildPhase section */
		179841644F28AE63E38405E7 /* [CP] Embed Pods Frameworks */ = {
			isa = PBXShellScriptBuildPhase;
			buildActionMask = 2147483647;
			files = (
			);
			inputPaths = (
				"${SRCROOT}/Pods/Target Support Files/Pods-KTV/Pods-KTV-frameworks.sh",
				"${BUILT_PRODUCTS_DIR}/AFNetworking/AFNetworking.framework",
				"${BUILT_PRODUCTS_DIR}/CocoaLumberjack/CocoaLumberjack.framework",
				"${BUILT_PRODUCTS_DIR}/MJExtension/MJExtension.framework",
				"${BUILT_PRODUCTS_DIR}/Mantle/Mantle.framework",
			);
			name = "[CP] Embed Pods Frameworks";
			outputPaths = (
				"${TARGET_BUILD_DIR}/${FRAMEWORKS_FOLDER_PATH}/AFNetworking.framework",
				"${TARGET_BUILD_DIR}/${FRAMEWORKS_FOLDER_PATH}/CocoaLumberjack.framework",
				"${TARGET_BUILD_DIR}/${FRAMEWORKS_FOLDER_PATH}/MJExtension.framework",
				"${TARGET_BUILD_DIR}/${FRAMEWORKS_FOLDER_PATH}/Mantle.framework",
			);
			runOnlyForDeploymentPostprocessing = 0;
			shellPath = /bin/sh;
			shellScript = "\"${SRCROOT}/Pods/Target Support Files/Pods-KTV/Pods-KTV-frameworks.sh\"\n";
			showEnvVarsInLog = 0;
		};
		3F4E8EE406E0BAA59BEEC5E4 /* [CP] Check Pods Manifest.lock */ = {
			isa = PBXShellScriptBuildPhase;
			buildActionMask = 2147483647;
			files = (
			);
			inputPaths = (
				"${PODS_PODFILE_DIR_PATH}/Podfile.lock",
				"${PODS_ROOT}/Manifest.lock",
			);
			name = "[CP] Check Pods Manifest.lock";
			outputPaths = (
				"$(DERIVED_FILE_DIR)/Pods-KTV-checkManifestLockResult.txt",
			);
			runOnlyForDeploymentPostprocessing = 0;
			shellPath = /bin/sh;
			shellScript = "diff \"${PODS_PODFILE_DIR_PATH}/Podfile.lock\" \"${PODS_ROOT}/Manifest.lock\" > /dev/null\nif [ $? != 0 ] ; then\n    # print error to STDERR\n    echo \"error: The sandbox is not in sync with the Podfile.lock. Run 'pod install' or update your CocoaPods installation.\" >&2\n    exit 1\nfi\n# This output is used by Xcode 'outputs' to avoid re-running this script phase.\necho \"SUCCESS\" > \"${SCRIPT_OUTPUT_FILE_0}\"\n";
			showEnvVarsInLog = 0;
		};
/* End PBXShellScriptBuildPhase section */

/* Begin PBXSourcesBuildPhase section */
		168051D42159E1A900D90A37 /* Sources */ = {
			isa = PBXSourcesBuildPhase;
			buildActionMask = 2147483647;
			files = (
				168052132159E70D00D90A37 /* ViewController.m in Sources */,
				168051EB2159E1AA00D90A37 /* main.m in Sources */,
				168052142159E70D00D90A37 /* AppDelegate.m in Sources */,
			);
			runOnlyForDeploymentPostprocessing = 0;
		};
		168051EC2159E1AA00D90A37 /* Sources */ = {
			isa = PBXSourcesBuildPhase;
			buildActionMask = 2147483647;
			files = (
				168051F52159E1AA00D90A37 /* KTVTests.m in Sources */,
			);
			runOnlyForDeploymentPostprocessing = 0;
		};
		168051F72159E1AA00D90A37 /* Sources */ = {
			isa = PBXSourcesBuildPhase;
			buildActionMask = 2147483647;
			files = (
				168052002159E1AA00D90A37 /* KTVUITests.m in Sources */,
			);
			runOnlyForDeploymentPostprocessing = 0;
		};
/* End PBXSourcesBuildPhase section */

/* Begin PBXTargetDependency section */
		168051F22159E1AA00D90A37 /* PBXTargetDependency */ = {
			isa = PBXTargetDependency;
			target = 168051D72159E1A900D90A37 /* KTV */;
			targetProxy = 168051F12159E1AA00D90A37 /* PBXContainerItemProxy */;
		};
		168051FD2159E1AA00D90A37 /* PBXTargetDependency */ = {
			isa = PBXTargetDependency;
			target = 168051D72159E1A900D90A37 /* KTV */;
			targetProxy = 168051FC2159E1AA00D90A37 /* PBXContainerItemProxy */;
		};
/* End PBXTargetDependency section */

/* Begin PBXVariantGroup section */
		168051E12159E1A900D90A37 /* Main.storyboard */ = {
			isa = PBXVariantGroup;
			children = (
				168051E22159E1A900D90A37 /* Base */,
			);
			name = Main.storyboard;
			sourceTree = "<group>";
		};
		168051E62159E1AA00D90A37 /* LaunchScreen.storyboard */ = {
			isa = PBXVariantGroup;
			children = (
				168051E72159E1AA00D90A37 /* Base */,
			);
			name = LaunchScreen.storyboard;
			sourceTree = "<group>";
		};
/* End PBXVariantGroup section */

/* Begin XCBuildConfiguration section */
		168052022159E1AA00D90A37 /* Debug */ = {
			isa = XCBuildConfiguration;
			buildSettings = {
				ALWAYS_SEARCH_USER_PATHS = NO;
				CLANG_ANALYZER_NONNULL = YES;
				CLANG_ANALYZER_NUMBER_OBJECT_CONVERSION = YES_AGGRESSIVE;
				CLANG_CXX_LANGUAGE_STANDARD = "gnu++14";
				CLANG_CXX_LIBRARY = "libc++";
				CLANG_ENABLE_MODULES = YES;
				CLANG_ENABLE_OBJC_ARC = YES;
				CLANG_ENABLE_OBJC_WEAK = YES;
				CLANG_WARN_BLOCK_CAPTURE_AUTORELEASING = YES;
				CLANG_WARN_BOOL_CONVERSION = YES;
				CLANG_WARN_COMMA = YES;
				CLANG_WARN_CONSTANT_CONVERSION = YES;
				CLANG_WARN_DEPRECATED_OBJC_IMPLEMENTATIONS = YES;
				CLANG_WARN_DIRECT_OBJC_ISA_USAGE = YES_ERROR;
				CLANG_WARN_DOCUMENTATION_COMMENTS = YES;
				CLANG_WARN_EMPTY_BODY = YES;
				CLANG_WARN_ENUM_CONVERSION = YES;
				CLANG_WARN_INFINITE_RECURSION = YES;
				CLANG_WARN_INT_CONVERSION = YES;
				CLANG_WARN_NON_LITERAL_NULL_CONVERSION = YES;
				CLANG_WARN_OBJC_IMPLICIT_RETAIN_SELF = YES;
				CLANG_WARN_OBJC_LITERAL_CONVERSION = YES;
				CLANG_WARN_OBJC_ROOT_CLASS = YES_ERROR;
				CLANG_WARN_RANGE_LOOP_ANALYSIS = YES;
				CLANG_WARN_STRICT_PROTOTYPES = YES;
				CLANG_WARN_SUSPICIOUS_MOVE = YES;
				CLANG_WARN_UNGUARDED_AVAILABILITY = YES_AGGRESSIVE;
				CLANG_WARN_UNREACHABLE_CODE = YES;
				CLANG_WARN__DUPLICATE_METHOD_MATCH = YES;
				CODE_SIGN_IDENTITY = "iPhone Developer";
				COPY_PHASE_STRIP = NO;
				DEBUG_INFORMATION_FORMAT = dwarf;
				ENABLE_STRICT_OBJC_MSGSEND = YES;
				ENABLE_TESTABILITY = YES;
				GCC_C_LANGUAGE_STANDARD = gnu11;
				GCC_DYNAMIC_NO_PIC = NO;
				GCC_NO_COMMON_BLOCKS = YES;
				GCC_OPTIMIZATION_LEVEL = 0;
				GCC_PREPROCESSOR_DEFINITIONS = (
					"DEBUG=1",
					"$(inherited)",
				);
				GCC_WARN_64_TO_32_BIT_CONVERSION = YES;
				GCC_WARN_ABOUT_RETURN_TYPE = YES_ERROR;
				GCC_WARN_UNDECLARED_SELECTOR = YES;
				GCC_WARN_UNINITIALIZED_AUTOS = YES_AGGRESSIVE;
				GCC_WARN_UNUSED_FUNCTION = YES;
				GCC_WARN_UNUSED_VARIABLE = YES;
				IPHONEOS_DEPLOYMENT_TARGET = 12.0;
				MTL_ENABLE_DEBUG_INFO = INCLUDE_SOURCE;
				MTL_FAST_MATH = YES;
				ONLY_ACTIVE_ARCH = YES;
				SDKROOT = iphoneos;
			};
			name = Debug;
		};
		168052032159E1AA00D90A37 /* Release */ = {
			isa = XCBuildConfiguration;
			buildSettings = {
				ALWAYS_SEARCH_USER_PATHS = NO;
				CLANG_ANALYZER_NONNULL = YES;
				CLANG_ANALYZER_NUMBER_OBJECT_CONVERSION = YES_AGGRESSIVE;
				CLANG_CXX_LANGUAGE_STANDARD = "gnu++14";
				CLANG_CXX_LIBRARY = "libc++";
				CLANG_ENABLE_MODULES = YES;
				CLANG_ENABLE_OBJC_ARC = YES;
				CLANG_ENABLE_OBJC_WEAK = YES;
				CLANG_WARN_BLOCK_CAPTURE_AUTORELEASING = YES;
				CLANG_WARN_BOOL_CONVERSION = YES;
				CLANG_WARN_COMMA = YES;
				CLANG_WARN_CONSTANT_CONVERSION = YES;
				CLANG_WARN_DEPRECATED_OBJC_IMPLEMENTATIONS = YES;
				CLANG_WARN_DIRECT_OBJC_ISA_USAGE = YES_ERROR;
				CLANG_WARN_DOCUMENTATION_COMMENTS = YES;
				CLANG_WARN_EMPTY_BODY = YES;
				CLANG_WARN_ENUM_CONVERSION = YES;
				CLANG_WARN_INFINITE_RECURSION = YES;
				CLANG_WARN_INT_CONVERSION = YES;
				CLANG_WARN_NON_LITERAL_NULL_CONVERSION = YES;
				CLANG_WARN_OBJC_IMPLICIT_RETAIN_SELF = YES;
				CLANG_WARN_OBJC_LITERAL_CONVERSION = YES;
				CLANG_WARN_OBJC_ROOT_CLASS = YES_ERROR;
				CLANG_WARN_RANGE_LOOP_ANALYSIS = YES;
				CLANG_WARN_STRICT_PROTOTYPES = YES;
				CLANG_WARN_SUSPICIOUS_MOVE = YES;
				CLANG_WARN_UNGUARDED_AVAILABILITY = YES_AGGRESSIVE;
				CLANG_WARN_UNREACHABLE_CODE = YES;
				CLANG_WARN__DUPLICATE_METHOD_MATCH = YES;
				CODE_SIGN_IDENTITY = "iPhone Developer";
				COPY_PHASE_STRIP = NO;
				DEBUG_INFORMATION_FORMAT = "dwarf-with-dsym";
				ENABLE_NS_ASSERTIONS = NO;
				ENABLE_STRICT_OBJC_MSGSEND = YES;
				GCC_C_LANGUAGE_STANDARD = gnu11;
				GCC_NO_COMMON_BLOCKS = YES;
				GCC_WARN_64_TO_32_BIT_CONVERSION = YES;
				GCC_WARN_ABOUT_RETURN_TYPE = YES_ERROR;
				GCC_WARN_UNDECLARED_SELECTOR = YES;
				GCC_WARN_UNINITIALIZED_AUTOS = YES_AGGRESSIVE;
				GCC_WARN_UNUSED_FUNCTION = YES;
				GCC_WARN_UNUSED_VARIABLE = YES;
				IPHONEOS_DEPLOYMENT_TARGET = 12.0;
				MTL_ENABLE_DEBUG_INFO = NO;
				MTL_FAST_MATH = YES;
				SDKROOT = iphoneos;
				VALIDATE_PRODUCT = YES;
			};
			name = Release;
		};
		168052052159E1AA00D90A37 /* Debug */ = {
			isa = XCBuildConfiguration;
			baseConfigurationReference = 1A6C40E34E5AE45E1C276677 /* Pods-KTV.debug.xcconfig */;
			buildSettings = {
				ASSETCATALOG_COMPILER_APPICON_NAME = AppIcon;
				CODE_SIGN_STYLE = Automatic;
				DEVELOPMENT_TEAM = XHZ4PYK93S;
				GCC_PREFIX_HEADER = "$(SRCROOT)/KTV/Headers/KTV_PrefixHeader.pch";
				INFOPLIST_FILE = KTV/Info.plist;
				LD_RUNPATH_SEARCH_PATHS = (
					"$(inherited)",
					"@executable_path/Frameworks",
				);
				LIBRARY_SEARCH_PATHS = (
					"$(inherited)",
					"$(PROJECT_DIR)/KTV/Libraries/x264-iOS/lib",
					"$(PROJECT_DIR)/KTV/Libraries/fdk-aac-ios/lib",
					"$(PROJECT_DIR)/KTV/Libraries/fat-lame/lib",
					"$(PROJECT_DIR)/KTV/Libraries/fdk_acc/lib",
					"$(PROJECT_DIR)/KTV/Libraries/lame/lib",
					"$(PROJECT_DIR)/KTV/Libraries/x264/lib",
				);
				PRODUCT_BUNDLE_IDENTIFIER = com.rrjc.KTV;
				PRODUCT_NAME = "$(TARGET_NAME)";
				TARGETED_DEVICE_FAMILY = "1,2";
			};
			name = Debug;
		};
		168052062159E1AA00D90A37 /* Release */ = {
			isa = XCBuildConfiguration;
			baseConfigurationReference = B6DF810F0173B6B4840E9C25 /* Pods-KTV.release.xcconfig */;
			buildSettings = {
				ASSETCATALOG_COMPILER_APPICON_NAME = AppIcon;
				CODE_SIGN_STYLE = Automatic;
				DEVELOPMENT_TEAM = XHZ4PYK93S;
				GCC_PREFIX_HEADER = "$(SRCROOT)/KTV/Headers/KTV_PrefixHeader.pch";
				INFOPLIST_FILE = KTV/Info.plist;
				LD_RUNPATH_SEARCH_PATHS = (
					"$(inherited)",
					"@executable_path/Frameworks",
				);
				LIBRARY_SEARCH_PATHS = (
					"$(inherited)",
					"$(PROJECT_DIR)/KTV/Libraries/x264-iOS/lib",
					"$(PROJECT_DIR)/KTV/Libraries/fdk-aac-ios/lib",
					"$(PROJECT_DIR)/KTV/Libraries/fat-lame/lib",
					"$(PROJECT_DIR)/KTV/Libraries/fdk_acc/lib",
					"$(PROJECT_DIR)/KTV/Libraries/lame/lib",
					"$(PROJECT_DIR)/KTV/Libraries/x264/lib",
				);
				PRODUCT_BUNDLE_IDENTIFIER = com.rrjc.KTV;
				PRODUCT_NAME = "$(TARGET_NAME)";
				TARGETED_DEVICE_FAMILY = "1,2";
			};
			name = Release;
		};
		168052082159E1AA00D90A37 /* Debug */ = {
			isa = XCBuildConfiguration;
			buildSettings = {
				BUNDLE_LOADER = "$(TEST_HOST)";
				CODE_SIGN_STYLE = Automatic;
				DEVELOPMENT_TEAM = XHZ4PYK93S;
				INFOPLIST_FILE = KTVTests/Info.plist;
				LD_RUNPATH_SEARCH_PATHS = (
					"$(inherited)",
					"@executable_path/Frameworks",
					"@loader_path/Frameworks",
				);
				PRODUCT_BUNDLE_IDENTIFIER = com.rrjc.KTVTests;
				PRODUCT_NAME = "$(TARGET_NAME)";
				TARGETED_DEVICE_FAMILY = "1,2";
				TEST_HOST = "$(BUILT_PRODUCTS_DIR)/KTV.app/KTV";
			};
			name = Debug;
		};
		168052092159E1AA00D90A37 /* Release */ = {
			isa = XCBuildConfiguration;
			buildSettings = {
				BUNDLE_LOADER = "$(TEST_HOST)";
				CODE_SIGN_STYLE = Automatic;
				DEVELOPMENT_TEAM = XHZ4PYK93S;
				INFOPLIST_FILE = KTVTests/Info.plist;
				LD_RUNPATH_SEARCH_PATHS = (
					"$(inherited)",
					"@executable_path/Frameworks",
					"@loader_path/Frameworks",
				);
				PRODUCT_BUNDLE_IDENTIFIER = com.rrjc.KTVTests;
				PRODUCT_NAME = "$(TARGET_NAME)";
				TARGETED_DEVICE_FAMILY = "1,2";
				TEST_HOST = "$(BUILT_PRODUCTS_DIR)/KTV.app/KTV";
			};
			name = Release;
		};
		1680520B2159E1AA00D90A37 /* Debug */ = {
			isa = XCBuildConfiguration;
			buildSettings = {
				CODE_SIGN_STYLE = Automatic;
				DEVELOPMENT_TEAM = XHZ4PYK93S;
				INFOPLIST_FILE = KTVUITests/Info.plist;
				LD_RUNPATH_SEARCH_PATHS = (
					"$(inherited)",
					"@executable_path/Frameworks",
					"@loader_path/Frameworks",
				);
				PRODUCT_BUNDLE_IDENTIFIER = com.rrjc.KTVUITests;
				PRODUCT_NAME = "$(TARGET_NAME)";
				TARGETED_DEVICE_FAMILY = "1,2";
				TEST_TARGET_NAME = KTV;
			};
			name = Debug;
		};
		1680520C2159E1AA00D90A37 /* Release */ = {
			isa = XCBuildConfiguration;
			buildSettings = {
				CODE_SIGN_STYLE = Automatic;
				DEVELOPMENT_TEAM = XHZ4PYK93S;
				INFOPLIST_FILE = KTVUITests/Info.plist;
				LD_RUNPATH_SEARCH_PATHS = (
					"$(inherited)",
					"@executable_path/Frameworks",
					"@loader_path/Frameworks",
				);
				PRODUCT_BUNDLE_IDENTIFIER = com.rrjc.KTVUITests;
				PRODUCT_NAME = "$(TARGET_NAME)";
				TARGETED_DEVICE_FAMILY = "1,2";
				TEST_TARGET_NAME = KTV;
			};
			name = Release;
		};
/* End XCBuildConfiguration section */

/* Begin XCConfigurationList section */
		168051D32159E1A900D90A37 /* Build configuration list for PBXProject "KTV" */ = {
			isa = XCConfigurationList;
			buildConfigurations = (
				168052022159E1AA00D90A37 /* Debug */,
				168052032159E1AA00D90A37 /* Release */,
			);
			defaultConfigurationIsVisible = 0;
			defaultConfigurationName = Release;
		};
		168052042159E1AA00D90A37 /* Build configuration list for PBXNativeTarget "KTV" */ = {
			isa = XCConfigurationList;
			buildConfigurations = (
				168052052159E1AA00D90A37 /* Debug */,
				168052062159E1AA00D90A37 /* Release */,
			);
			defaultConfigurationIsVisible = 0;
			defaultConfigurationName = Release;
		};
		168052072159E1AA00D90A37 /* Build configuration list for PBXNativeTarget "KTVTests" */ = {
			isa = XCConfigurationList;
			buildConfigurations = (
				168052082159E1AA00D90A37 /* Debug */,
				168052092159E1AA00D90A37 /* Release */,
			);
			defaultConfigurationIsVisible = 0;
			defaultConfigurationName = Release;
		};
		1680520A2159E1AA00D90A37 /* Build configuration list for PBXNativeTarget "KTVUITests" */ = {
			isa = XCConfigurationList;
			buildConfigurations = (
				1680520B2159E1AA00D90A37 /* Debug */,
				1680520C2159E1AA00D90A37 /* Release */,
			);
			defaultConfigurationIsVisible = 0;
			defaultConfigurationName = Release;
		};
/* End XCConfigurationList section */
	};
	rootObject = 168051D02159E1A900D90A37 /* Project object */;
}
