// !$*UTF8*$!
{
	archiveVersion = 1;
	classes = {
	};
	objectVersion = 50;
	objects = {

/* Begin PBXBuildFile section */
		168051DD2159E1A900D90A37 /* AppDelegate.m in Sources */ = {isa = PBXBuildFile; fileRef = 168051DC2159E1A900D90A37 /* AppDelegate.m */; };
		168051E02159E1A900D90A37 /* ViewController.m in Sources */ = {isa = PBXBuildFile; fileRef = 168051DF2159E1A900D90A37 /* ViewController.m */; };
		168051E32159E1A900D90A37 /* Main.storyboard in Resources */ = {isa = PBXBuildFile; fileRef = 168051E12159E1A900D90A37 /* Main.storyboard */; };
		168051E52159E1AA00D90A37 /* Assets.xcassets in Resources */ = {isa = PBXBuildFile; fileRef = 168051E42159E1AA00D90A37 /* Assets.xcassets */; };
		168051E82159E1AA00D90A37 /* LaunchScreen.storyboard in Resources */ = {isa = PBXBuildFile; fileRef = 168051E62159E1AA00D90A37 /* LaunchScreen.storyboard */; };
		168051EB2159E1AA00D90A37 /* main.m in Sources */ = {isa = PBXBuildFile; fileRef = 168051EA2159E1AA00D90A37 /* main.m */; };
		168051F52159E1AA00D90A37 /* KTVTests.m in Sources */ = {isa = PBXBuildFile; fileRef = 168051F42159E1AA00D90A37 /* KTVTests.m */; };
		168052002159E1AA00D90A37 /* KTVUITests.m in Sources */ = {isa = PBXBuildFile; fileRef = 168051FF2159E1AA00D90A37 /* KTVUITests.m */; };
/* End PBXBuildFile section */

/* Begin PBXContainerItemProxy section */
		168051F12159E1AA00D90A37 /* PBXContainerItemProxy */ = {
			isa = PBXContainerItemProxy;
			containerPortal = 168051D02159E1A900D90A37 /* Project object */;
			proxyType = 1;
			remoteGlobalIDString = 168051D72159E1A900D90A37;
			remoteInfo = KTV;
		};
		168051FC2159E1AA00D90A37 /* PBXContainerItemProxy */ = {
			isa = PBXContainerItemProxy;
			containerPortal = 168051D02159E1A900D90A37 /* Project object */;
			proxyType = 1;
			remoteGlobalIDString = 168051D72159E1A900D90A37;
			remoteInfo = KTV;
		};
/* End PBXContainerItemProxy section */

/* Begin PBXFileReference section */
		168051D82159E1A900D90A37 /* KTV.app */ = {isa = PBXFileReference; explicitFileType = wrapper.application; includeInIndex = 0; path = KTV.app; sourceTree = BUILT_PRODUCTS_DIR; };
		168051DB2159E1A900D90A37 /* AppDelegate.h */ = {isa = PBXFileReference; lastKnownFileType = sourcecode.c.h; path = AppDelegate.h; sourceTree = "<group>"; };
		168051DC2159E1A900D90A37 /* AppDelegate.m */ = {isa = PBXFileReference; lastKnownFileType = sourcecode.c.objc; path = AppDelegate.m; sourceTree = "<group>"; };
		168051DE2159E1A900D90A37 /* ViewController.h */ = {isa = PBXFileReference; lastKnownFileType = sourcecode.c.h; path = ViewController.h; sourceTree = "<group>"; };
		168051DF2159E1A900D90A37 /* ViewController.m */ = {isa = PBXFileReference; lastKnownFileType = sourcecode.c.objc; path = ViewController.m; sourceTree = "<group>"; };
		168051E22159E1A900D90A37 /* Base */ = {isa = PBXFileReference; lastKnownFileType = file.storyboard; name = Base; path = Base.lproj/Main.storyboard; sourceTree = "<group>"; };
		168051E42159E1AA00D90A37 /* Assets.xcassets */ = {isa = PBXFileReference; lastKnownFileType = folder.assetcatalog; path = Assets.xcassets; sourceTree = "<group>"; };
		168051E72159E1AA00D90A37 /* Base */ = {isa = PBXFileReference; lastKnownFileType = file.storyboard; name = Base; path = Base.lproj/LaunchScreen.storyboard; sourceTree = "<group>"; };
		168051E92159E1AA00D90A37 /* Info.plist */ = {isa = PBXFileReference; lastKnownFileType = text.plist.xml; path = Info.plist; sourceTree = "<group>"; };
		168051EA2159E1AA00D90A37 /* main.m */ = {isa = PBXFileReference; lastKnownFileType = sourcecode.c.objc; path = main.m; sourceTree = "<group>"; };
		168051F02159E1AA00D90A37 /* KTVTests.xctest */ = {isa = PBXFileReference; explicitFileType = wrapper.cfbundle; includeInIndex = 0; path = KTVTests.xctest; sourceTree = BUILT_PRODUCTS_DIR; };
		168051F42159E1AA00D90A37 /* KTVTests.m */ = {isa = PBXFileReference; lastKnownFileType = sourcecode.c.objc; path = KTVTests.m; sourceTree = "<group>"; };
		168051F62159E1AA00D90A37 /* Info.plist */ = {isa = PBXFileReference; lastKnownFileType = text.plist.xml; path = Info.plist; sourceTree = "<group>"; };
		168051FB2159E1AA00D90A37 /* KTVUITests.xctest */ = {isa = PBXFileReference; explicitFileType = wrapper.cfbundle; includeInIndex = 0; path = KTVUITests.xctest; sourceTree = BUILT_PRODUCTS_DIR; };
		168051FF2159E1AA00D90A37 /* KTVUITests.m */ = {isa = PBXFileReference; lastKnownFileType = sourcecode.c.objc; path = KTVUITests.m; sourceTree = "<group>"; };
		168052012159E1AA00D90A37 /* Info.plist */ = {isa = PBXFileReference; lastKnownFileType = text.plist.xml; path = Info.plist; sourceTree = "<group>"; };
/* End PBXFileReference section */

/* Begin PBXFrameworksBuildPhase section */
		168051D52159E1A900D90A37 /* Frameworks */ = {
			isa = PBXFrameworksBuildPhase;
			buildActionMask = 2147483647;
			files = (
			);
			runOnlyForDeploymentPostprocessing = 0;
		};
		168051ED2159E1AA00D90A37 /* Frameworks */ = {
			isa = PBXFrameworksBuildPhase;
			buildActionMask = 2147483647;
			files = (
			);
			runOnlyForDeploymentPostprocessing = 0;
		};
		168051F82159E1AA00D90A37 /* Frameworks */ = {
			isa = PBXFrameworksBuildPhase;
			buildActionMask = 2147483647;
			files = (
			);
			runOnlyForDeploymentPostprocessing = 0;
		};
/* End PBXFrameworksBuildPhase section */

/* Begin PBXGroup section */
		168051CF2159E1A900D90A37 = {
			isa = PBXGroup;
			children = (
				168051DA2159E1A900D90A37 /* KTV */,
				168051F32159E1AA00D90A37 /* KTVTests */,
				168051FE2159E1AA00D90A37 /* KTVUITests */,
				168051D92159E1A900D90A37 /* Products */,
			);
			sourceTree = "<group>";
		};
		168051D92159E1A900D90A37 /* Products */ = {
			isa = PBXGroup;
			children = (
				168051D82159E1A900D90A37 /* KTV.app */,
				168051F02159E1AA00D90A37 /* KTVTests.xctest */,
				168051FB2159E1AA00D90A37 /* KTVUITests.xctest */,
			);
			name = Products;
			sourceTree = "<group>";
		};
		168051DA2159E1A900D90A37 /* KTV */ = {
			isa = PBXGroup;
			children = (
				168051DB2159E1A900D90A37 /* AppDelegate.h */,
				168051DC2159E1A900D90A37 /* AppDelegate.m */,
				168051DE2159E1A900D90A37 /* ViewController.h */,
				168051DF2159E1A900D90A37 /* ViewController.m */,
				168051E12159E1A900D90A37 /* Main.storyboard */,
				168051E42159E1AA00D90A37 /* Assets.xcassets */,
				168051E62159E1AA00D90A37 /* LaunchScreen.storyboard */,
				168051E92159E1AA00D90A37 /* Info.plist */,
				168051EA2159E1AA00D90A37 /* main.m */,
			);
			path = KTV;
			sourceTree = "<group>";
		};
		168051F32159E1AA00D90A37 /* KTVTests */ = {
			isa = PBXGroup;
			children = (
				168051F42159E1AA00D90A37 /* KTVTests.m */,
				168051F62159E1AA00D90A37 /* Info.plist */,
			);
			path = KTVTests;
			sourceTree = "<group>";
		};
		168051FE2159E1AA00D90A37 /* KTVUITests */ = {
			isa = PBXGroup;
			children = (
				168051FF2159E1AA00D90A37 /* KTVUITests.m */,
				168052012159E1AA00D90A37 /* Info.plist */,
			);
			path = KTVUITests;
			sourceTree = "<group>";
		};
/* End PBXGroup section */

/* Begin PBXNativeTarget section */
		168051D72159E1A900D90A37 /* KTV */ = {
			isa = PBXNativeTarget;
			buildConfigurationList = 168052042159E1AA00D90A37 /* Build configuration list for PBXNativeTarget "KTV" */;
			buildPhases = (
				168051D42159E1A900D90A37 /* Sources */,
				168051D52159E1A900D90A37 /* Frameworks */,
				168051D62159E1A900D90A37 /* Resources */,
			);
			buildRules = (
			);
			dependencies = (
			);
			name = KTV;
			productName = KTV;
			productReference = 168051D82159E1A900D90A37 /* KTV.app */;
			productType = "com.apple.product-type.application";
		};
		168051EF2159E1AA00D90A37 /* KTVTests */ = {
			isa = PBXNativeTarget;
			buildConfigurationList = 168052072159E1AA00D90A37 /* Build configuration list for PBXNativeTarget "KTVTests" */;
			buildPhases = (
				168051EC2159E1AA00D90A37 /* Sources */,
				168051ED2159E1AA00D90A37 /* Frameworks */,
				168051EE2159E1AA00D90A37 /* Resources */,
			);
			buildRules = (
			);
			dependencies = (
				168051F22159E1AA00D90A37 /* PBXTargetDependency */,
			);
			name = KTVTests;
			productName = KTVTests;
			productReference = 168051F02159E1AA00D90A37 /* KTVTests.xctest */;
			productType = "com.apple.product-type.bundle.unit-test";
		};
		168051FA2159E1AA00D90A37 /* KTVUITests */ = {
			isa = PBXNativeTarget;
			buildConfigurationList = 1680520A2159E1AA00D90A37 /* Build configuration list for PBXNativeTarget "KTVUITests" */;
			buildPhases = (
				168051F72159E1AA00D90A37 /* Sources */,
				168051F82159E1AA00D90A37 /* Frameworks */,
				168051F92159E1AA00D90A37 /* Resources */,
			);
			buildRules = (
			);
			dependencies = (
				168051FD2159E1AA00D90A37 /* PBXTargetDependency */,
			);
			name = KTVUITests;
			productName = KTVUITests;
			productReference = 168051FB2159E1AA00D90A37 /* KTVUITests.xctest */;
			productType = "com.apple.product-type.bundle.ui-testing";
		};
/* End PBXNativeTarget section */

/* Begin PBXProject section */
		168051D02159E1A900D90A37 /* Project object */ = {
			isa = PBXProject;
			attributes = {
				LastUpgradeCheck = 1000;
				ORGANIZATIONNAME = songyang;
				TargetAttributes = {
					168051D72159E1A900D90A37 = {
						CreatedOnToolsVersion = 10.0;
					};
					168051EF2159E1AA00D90A37 = {
						CreatedOnToolsVersion = 10.0;
						TestTargetID = 168051D72159E1A900D90A37;
					};
					168051FA2159E1AA00D90A37 = {
						CreatedOnToolsVersion = 10.0;
						TestTargetID = 168051D72159E1A900D90A37;
					};
				};
			};
			buildConfigurationList = 168051D32159E1A900D90A37 /* Build configuration list for PBXProject "KTV" */;
			compatibilityVersion = "Xcode 9.3";
			developmentRegion = en;
			hasScannedForEncodings = 0;
			knownRegions = (
				en,
				Base,
			);
			mainGroup = 168051CF2159E1A900D90A37;
			productRefGroup = 168051D92159E1A900D90A37 /* Products */;
			projectDirPath = "";
			projectRoot = "";
			targets = (
				168051D72159E1A900D90A37 /* KTV */,
				168051EF2159E1AA00D90A37 /* KTVTests */,
				168051FA2159E1AA00D90A37 /* KTVUITests */,
			);
		};
/* End PBXProject section */

/* Begin PBXResourcesBuildPhase section */
		168051D62159E1A900D90A37 /* Resources */ = {
			isa = PBXResourcesBuildPhase;
			buildActionMask = 2147483647;
			files = (
				168051E82159E1AA00D90A37 /* LaunchScreen.storyboard in Resources */,
				168051E52159E1AA00D90A37 /* Assets.xcassets in Resources */,
				168051E32159E1A900D90A37 /* Main.storyboard in Resources */,
			);
			runOnlyForDeploymentPostprocessing = 0;
		};
		168051EE2159E1AA00D90A37 /* Resources */ = {
			isa = PBXResourcesBuildPhase;
			buildActionMask = 2147483647;
			files = (
			);
			runOnlyForDeploymentPostprocessing = 0;
		};
		168051F92159E1AA00D90A37 /* Resources */ = {
			isa = PBXResourcesBuildPhase;
			buildActionMask = 2147483647;
			files = (
			);
			runOnlyForDeploymentPostprocessing = 0;
		};
/* End PBXResourcesBuildPhase section */

/* Begin PBXSourcesBuildPhase section */
		168051D42159E1A900D90A37 /* Sources */ = {
			isa = PBXSourcesBuildPhase;
			buildActionMask = 2147483647;
			files = (
				168051E02159E1A900D90A37 /* ViewController.m in Sources */,
				168051EB2159E1AA00D90A37 /* main.m in Sources */,
				168051DD2159E1A900D90A37 /* AppDelegate.m in Sources */,
			);
			runOnlyForDeploymentPostprocessing = 0;
		};
		168051EC2159E1AA00D90A37 /* Sources */ = {
			isa = PBXSourcesBuildPhase;
			buildActionMask = 2147483647;
			files = (
				168051F52159E1AA00D90A37 /* KTVTests.m in Sources */,
			);
			runOnlyForDeploymentPostprocessing = 0;
		};
		168051F72159E1AA00D90A37 /* Sources */ = {
			isa = PBXSourcesBuildPhase;
			buildActionMask = 2147483647;
			files = (
				168052002159E1AA00D90A37 /* KTVUITests.m in Sources */,
			);
			runOnlyForDeploymentPostprocessing = 0;
		};
/* End PBXSourcesBuildPhase section */

/* Begin PBXTargetDependency section */
		168051F22159E1AA00D90A37 /* PBXTargetDependency */ = {
			isa = PBXTargetDependency;
			target = 168051D72159E1A900D90A37 /* KTV */;
			targetProxy = 168051F12159E1AA00D90A37 /* PBXContainerItemProxy */;
		};
		168051FD2159E1AA00D90A37 /* PBXTargetDependency */ = {
			isa = PBXTargetDependency;
			target = 168051D72159E1A900D90A37 /* KTV */;
			targetProxy = 168051FC2159E1AA00D90A37 /* PBXContainerItemProxy */;
		};
/* End PBXTargetDependency section */

/* Begin PBXVariantGroup section */
		168051E12159E1A900D90A37 /* Main.storyboard */ = {
			isa = PBXVariantGroup;
			children = (
				168051E22159E1A900D90A37 /* Base */,
			);
			name = Main.storyboard;
			sourceTree = "<group>";
		};
		168051E62159E1AA00D90A37 /* LaunchScreen.storyboard */ = {
			isa = PBXVariantGroup;
			children = (
				168051E72159E1AA00D90A37 /* Base */,
			);
			name = LaunchScreen.storyboard;
			sourceTree = "<group>";
		};
/* End PBXVariantGroup section */

/* Begin XCBuildConfiguration section */
		168052022159E1AA00D90A37 /* Debug */ = {
			isa = XCBuildConfiguration;
			buildSettings = {
				ALWAYS_SEARCH_USER_PATHS = NO;
				CLANG_ANALYZER_NONNULL = YES;
				CLANG_ANALYZER_NUMBER_OBJECT_CONVERSION = YES_AGGRESSIVE;
				CLANG_CXX_LANGUAGE_STANDARD = "gnu++14";
				CLANG_CXX_LIBRARY = "libc++";
				CLANG_ENABLE_MODULES = YES;
				CLANG_ENABLE_OBJC_ARC = YES;
				CLANG_ENABLE_OBJC_WEAK = YES;
				CLANG_WARN_BLOCK_CAPTURE_AUTORELEASING = YES;
				CLANG_WARN_BOOL_CONVERSION = YES;
				CLANG_WARN_COMMA = YES;
				CLANG_WARN_CONSTANT_CONVERSION = YES;
				CLANG_WARN_DEPRECATED_OBJC_IMPLEMENTATIONS = YES;
				CLANG_WARN_DIRECT_OBJC_ISA_USAGE = YES_ERROR;
				CLANG_WARN_DOCUMENTATION_COMMENTS = YES;
				CLANG_WARN_EMPTY_BODY = YES;
				CLANG_WARN_ENUM_CONVERSION = YES;
				CLANG_WARN_INFINITE_RECURSION = YES;
				CLANG_WARN_INT_CONVERSION = YES;
				CLANG_WARN_NON_LITERAL_NULL_CONVERSION = YES;
				CLANG_WARN_OBJC_IMPLICIT_RETAIN_SELF = YES;
				CLANG_WARN_OBJC_LITERAL_CONVERSION = YES;
				CLANG_WARN_OBJC_ROOT_CLASS = YES_ERROR;
				CLANG_WARN_RANGE_LOOP_ANALYSIS = YES;
				CLANG_WARN_STRICT_PROTOTYPES = YES;
				CLANG_WARN_SUSPICIOUS_MOVE = YES;
				CLANG_WARN_UNGUARDED_AVAILABILITY = YES_AGGRESSIVE;
				CLANG_WARN_UNREACHABLE_CODE = YES;
				CLANG_WARN__DUPLICATE_METHOD_MATCH = YES;
				CODE_SIGN_IDENTITY = "iPhone Developer";
				COPY_PHASE_STRIP = NO;
				DEBUG_INFORMATION_FORMAT = dwarf;
				ENABLE_STRICT_OBJC_MSGSEND = YES;
				ENABLE_TESTABILITY = YES;
				GCC_C_LANGUAGE_STANDARD = gnu11;
				GCC_DYNAMIC_NO_PIC = NO;
				GCC_NO_COMMON_BLOCKS = YES;
				GCC_OPTIMIZATION_LEVEL = 0;
				GCC_PREPROCESSOR_DEFINITIONS = (
					"DEBUG=1",
					"$(inherited)",
				);
				GCC_WARN_64_TO_32_BIT_CONVERSION = YES;
				GCC_WARN_ABOUT_RETURN_TYPE = YES_ERROR;
				GCC_WARN_UNDECLARED_SELECTOR = YES;
				GCC_WARN_UNINITIALIZED_AUTOS = YES_AGGRESSIVE;
				GCC_WARN_UNUSED_FUNCTION = YES;
				GCC_WARN_UNUSED_VARIABLE = YES;
				IPHONEOS_DEPLOYMENT_TARGET = 12.0;
				MTL_ENABLE_DEBUG_INFO = INCLUDE_SOURCE;
				MTL_FAST_MATH = YES;
				ONLY_ACTIVE_ARCH = YES;
				SDKROOT = iphoneos;
			};
			name = Debug;
		};
		168052032159E1AA00D90A37 /* Release */ = {
			isa = XCBuildConfiguration;
			buildSettings = {
				ALWAYS_SEARCH_USER_PATHS = NO;
				CLANG_ANALYZER_NONNULL = YES;
				CLANG_ANALYZER_NUMBER_OBJECT_CONVERSION = YES_AGGRESSIVE;
				CLANG_CXX_LANGUAGE_STANDARD = "gnu++14";
				CLANG_CXX_LIBRARY = "libc++";
				CLANG_ENABLE_MODULES = YES;
				CLANG_ENABLE_OBJC_ARC = YES;
				CLANG_ENABLE_OBJC_WEAK = YES;
				CLANG_WARN_BLOCK_CAPTURE_AUTORELEASING = YES;
				CLANG_WARN_BOOL_CONVERSION = YES;
				CLANG_WARN_COMMA = YES;
				CLANG_WARN_CONSTANT_CONVERSION = YES;
				CLANG_WARN_DEPRECATED_OBJC_IMPLEMENTATIONS = YES;
				CLANG_WARN_DIRECT_OBJC_ISA_USAGE = YES_ERROR;
				CLANG_WARN_DOCUMENTATION_COMMENTS = YES;
				CLANG_WARN_EMPTY_BODY = YES;
				CLANG_WARN_ENUM_CONVERSION = YES;
				CLANG_WARN_INFINITE_RECURSION = YES;
				CLANG_WARN_INT_CONVERSION = YES;
				CLANG_WARN_NON_LITERAL_NULL_CONVERSION = YES;
				CLANG_WARN_OBJC_IMPLICIT_RETAIN_SELF = YES;
				CLANG_WARN_OBJC_LITERAL_CONVERSION = YES;
				CLANG_WARN_OBJC_ROOT_CLASS = YES_ERROR;
				CLANG_WARN_RANGE_LOOP_ANALYSIS = YES;
				CLANG_WARN_STRICT_PROTOTYPES = YES;
				CLANG_WARN_SUSPICIOUS_MOVE = YES;
				CLANG_WARN_UNGUARDED_AVAILABILITY = YES_AGGRESSIVE;
				CLANG_WARN_UNREACHABLE_CODE = YES;
				CLANG_WARN__DUPLICATE_METHOD_MATCH = YES;
				CODE_SIGN_IDENTITY = "iPhone Developer";
				COPY_PHASE_STRIP = NO;
				DEBUG_INFORMATION_FORMAT = "dwarf-with-dsym";
				ENABLE_NS_ASSERTIONS = NO;
				ENABLE_STRICT_OBJC_MSGSEND = YES;
				GCC_C_LANGUAGE_STANDARD = gnu11;
				GCC_NO_COMMON_BLOCKS = YES;
				GCC_WARN_64_TO_32_BIT_CONVERSION = YES;
				GCC_WARN_ABOUT_RETURN_TYPE = YES_ERROR;
				GCC_WARN_UNDECLARED_SELECTOR = YES;
				GCC_WARN_UNINITIALIZED_AUTOS = YES_AGGRESSIVE;
				GCC_WARN_UNUSED_FUNCTION = YES;
				GCC_WARN_UNUSED_VARIABLE = YES;
				IPHONEOS_DEPLOYMENT_TARGET = 12.0;
				MTL_ENABLE_DEBUG_INFO = NO;
				MTL_FAST_MATH = YES;
				SDKROOT = iphoneos;
				VALIDATE_PRODUCT = YES;
			};
			name = Release;
		};
		168052052159E1AA00D90A37 /* Debug */ = {
			isa = XCBuildConfiguration;
			buildSettings = {
				ASSETCATALOG_COMPILER_APPICON_NAME = AppIcon;
				CODE_SIGN_STYLE = Automatic;
				DEVELOPMENT_TEAM = XHZ4PYK93S;
				INFOPLIST_FILE = KTV/Info.plist;
				LD_RUNPATH_SEARCH_PATHS = (
					"$(inherited)",
					"@executable_path/Frameworks",
				);
				PRODUCT_BUNDLE_IDENTIFIER = com.rrjc.KTV;
				PRODUCT_NAME = "$(TARGET_NAME)";
				TARGETED_DEVICE_FAMILY = "1,2";
			};
			name = Debug;
		};
		168052062159E1AA00D90A37 /* Release */ = {
			isa = XCBuildConfiguration;
			buildSettings = {
				ASSETCATALOG_COMPILER_APPICON_NAME = AppIcon;
				CODE_SIGN_STYLE = Automatic;
				DEVELOPMENT_TEAM = XHZ4PYK93S;
				INFOPLIST_FILE = KTV/Info.plist;
				LD_RUNPATH_SEARCH_PATHS = (
					"$(inherited)",
					"@executable_path/Frameworks",
				);
				PRODUCT_BUNDLE_IDENTIFIER = com.rrjc.KTV;
				PRODUCT_NAME = "$(TARGET_NAME)";
				TARGETED_DEVICE_FAMILY = "1,2";
			};
			name = Release;
		};
		168052082159E1AA00D90A37 /* Debug */ = {
			isa = XCBuildConfiguration;
			buildSettings = {
				BUNDLE_LOADER = "$(TEST_HOST)";
				CODE_SIGN_STYLE = Automatic;
				DEVELOPMENT_TEAM = XHZ4PYK93S;
				INFOPLIST_FILE = KTVTests/Info.plist;
				LD_RUNPATH_SEARCH_PATHS = (
					"$(inherited)",
					"@executable_path/Frameworks",
					"@loader_path/Frameworks",
				);
				PRODUCT_BUNDLE_IDENTIFIER = com.rrjc.KTVTests;
				PRODUCT_NAME = "$(TARGET_NAME)";
				TARGETED_DEVICE_FAMILY = "1,2";
				TEST_HOST = "$(BUILT_PRODUCTS_DIR)/KTV.app/KTV";
			};
			name = Debug;
		};
		168052092159E1AA00D90A37 /* Release */ = {
			isa = XCBuildConfiguration;
			buildSettings = {
				BUNDLE_LOADER = "$(TEST_HOST)";
				CODE_SIGN_STYLE = Automatic;
				DEVELOPMENT_TEAM = XHZ4PYK93S;
				INFOPLIST_FILE = KTVTests/Info.plist;
				LD_RUNPATH_SEARCH_PATHS = (
					"$(inherited)",
					"@executable_path/Frameworks",
					"@loader_path/Frameworks",
				);
				PRODUCT_BUNDLE_IDENTIFIER = com.rrjc.KTVTests;
				PRODUCT_NAME = "$(TARGET_NAME)";
				TARGETED_DEVICE_FAMILY = "1,2";
				TEST_HOST = "$(BUILT_PRODUCTS_DIR)/KTV.app/KTV";
			};
			name = Release;
		};
		1680520B2159E1AA00D90A37 /* Debug */ = {
			isa = XCBuildConfiguration;
			buildSettings = {
				CODE_SIGN_STYLE = Automatic;
				DEVELOPMENT_TEAM = XHZ4PYK93S;
				INFOPLIST_FILE = KTVUITests/Info.plist;
				LD_RUNPATH_SEARCH_PATHS = (
					"$(inherited)",
					"@executable_path/Frameworks",
					"@loader_path/Frameworks",
				);
				PRODUCT_BUNDLE_IDENTIFIER = com.rrjc.KTVUITests;
				PRODUCT_NAME = "$(TARGET_NAME)";
				TARGETED_DEVICE_FAMILY = "1,2";
				TEST_TARGET_NAME = KTV;
			};
			name = Debug;
		};
		1680520C2159E1AA00D90A37 /* Release */ = {
			isa = XCBuildConfiguration;
			buildSettings = {
				CODE_SIGN_STYLE = Automatic;
				DEVELOPMENT_TEAM = XHZ4PYK93S;
				INFOPLIST_FILE = KTVUITests/Info.plist;
				LD_RUNPATH_SEARCH_PATHS = (
					"$(inherited)",
					"@executable_path/Frameworks",
					"@loader_path/Frameworks",
				);
				PRODUCT_BUNDLE_IDENTIFIER = com.rrjc.KTVUITests;
				PRODUCT_NAME = "$(TARGET_NAME)";
				TARGETED_DEVICE_FAMILY = "1,2";
				TEST_TARGET_NAME = KTV;
			};
			name = Release;
		};
/* End XCBuildConfiguration section */

/* Begin XCConfigurationList section */
		168051D32159E1A900D90A37 /* Build configuration list for PBXProject "KTV" */ = {
			isa = XCConfigurationList;
			buildConfigurations = (
				168052022159E1AA00D90A37 /* Debug */,
				168052032159E1AA00D90A37 /* Release */,
			);
			defaultConfigurationIsVisible = 0;
			defaultConfigurationName = Release;
		};
		168052042159E1AA00D90A37 /* Build configuration list for PBXNativeTarget "KTV" */ = {
			isa = XCConfigurationList;
			buildConfigurations = (
				168052052159E1AA00D90A37 /* Debug */,
				168052062159E1AA00D90A37 /* Release */,
			);
			defaultConfigurationIsVisible = 0;
			defaultConfigurationName = Release;
		};
		168052072159E1AA00D90A37 /* Build configuration list for PBXNativeTarget "KTVTests" */ = {
			isa = XCConfigurationList;
			buildConfigurations = (
				168052082159E1AA00D90A37 /* Debug */,
				168052092159E1AA00D90A37 /* Release */,
			);
			defaultConfigurationIsVisible = 0;
			defaultConfigurationName = Release;
		};
		1680520A2159E1AA00D90A37 /* Build configuration list for PBXNativeTarget "KTVUITests" */ = {
			isa = XCConfigurationList;
			buildConfigurations = (
				1680520B2159E1AA00D90A37 /* Debug */,
				1680520C2159E1AA00D90A37 /* Release */,
			);
			defaultConfigurationIsVisible = 0;
			defaultConfigurationName = Release;
		};
/* End XCConfigurationList section */
	};
	rootObject = 168051D02159E1A900D90A37 /* Project object */;
}
